// !$*UTF8*$!
{
	archiveVersion = 1;
	classes = {
	};
	objectVersion = 56;
	objects = {

/* Begin PBXBuildFile section */
		84700B852CCBCE1900FF0343 /* UserService.swift in Sources */ = {isa = PBXBuildFile; fileRef = 84700B842CCBCE1900FF0343 /* UserService.swift */; };
		84B88D602CC94801002E2166 /* AppDelegate.swift in Sources */ = {isa = PBXBuildFile; fileRef = 84B88D5F2CC94801002E2166 /* AppDelegate.swift */; };
		84B88D622CC94801002E2166 /* SceneDelegate.swift in Sources */ = {isa = PBXBuildFile; fileRef = 84B88D612CC94801002E2166 /* SceneDelegate.swift */; };
		84B88D642CC94801002E2166 /* ViewController.swift in Sources */ = {isa = PBXBuildFile; fileRef = 84B88D632CC94801002E2166 /* ViewController.swift */; };
		84B88D672CC94801002E2166 /* Main.storyboard in Resources */ = {isa = PBXBuildFile; fileRef = 84B88D652CC94801002E2166 /* Main.storyboard */; };
		84B88D692CC94802002E2166 /* Assets.xcassets in Resources */ = {isa = PBXBuildFile; fileRef = 84B88D682CC94802002E2166 /* Assets.xcassets */; };
		84B88D6C2CC94802002E2166 /* LaunchScreen.storyboard in Resources */ = {isa = PBXBuildFile; fileRef = 84B88D6A2CC94802002E2166 /* LaunchScreen.storyboard */; };
		84B88D772CC94803002E2166 /* CombineForTestTests.swift in Sources */ = {isa = PBXBuildFile; fileRef = 84B88D762CC94803002E2166 /* CombineForTestTests.swift */; };
		84B88D812CC94803002E2166 /* CombineForTestUITests.swift in Sources */ = {isa = PBXBuildFile; fileRef = 84B88D802CC94803002E2166 /* CombineForTestUITests.swift */; };
		84B88D832CC94803002E2166 /* CombineForTestUITestsLaunchTests.swift in Sources */ = {isa = PBXBuildFile; fileRef = 84B88D822CC94803002E2166 /* CombineForTestUITestsLaunchTests.swift */; };
/* End PBXBuildFile section */

/* Begin PBXContainerItemProxy section */
		84B88D732CC94803002E2166 /* PBXContainerItemProxy */ = {
			isa = PBXContainerItemProxy;
			containerPortal = 84B88D542CC94801002E2166 /* Project object */;
			proxyType = 1;
			remoteGlobalIDString = 84B88D5B2CC94801002E2166;
			remoteInfo = CombineForTest;
		};
		84B88D7D2CC94803002E2166 /* PBXContainerItemProxy */ = {
			isa = PBXContainerItemProxy;
			containerPortal = 84B88D542CC94801002E2166 /* Project object */;
			proxyType = 1;
			remoteGlobalIDString = 84B88D5B2CC94801002E2166;
			remoteInfo = CombineForTest;
		};
/* End PBXContainerItemProxy section */

/* Begin PBXFileReference section */
		84700B842CCBCE1900FF0343 /* UserService.swift */ = {isa = PBXFileReference; lastKnownFileType = sourcecode.swift; path = UserService.swift; sourceTree = "<group>"; };
		84B88D5C2CC94801002E2166 /* CombineForTest.app */ = {isa = PBXFileReference; explicitFileType = wrapper.application; includeInIndex = 0; path = CombineForTest.app; sourceTree = BUILT_PRODUCTS_DIR; };
		84B88D5F2CC94801002E2166 /* AppDelegate.swift */ = {isa = PBXFileReference; lastKnownFileType = sourcecode.swift; path = AppDelegate.swift; sourceTree = "<group>"; };
		84B88D612CC94801002E2166 /* SceneDelegate.swift */ = {isa = PBXFileReference; lastKnownFileType = sourcecode.swift; path = SceneDelegate.swift; sourceTree = "<group>"; };
		84B88D632CC94801002E2166 /* ViewController.swift */ = {isa = PBXFileReference; lastKnownFileType = sourcecode.swift; path = ViewController.swift; sourceTree = "<group>"; };
		84B88D662CC94801002E2166 /* Base */ = {isa = PBXFileReference; lastKnownFileType = file.storyboard; name = Base; path = Base.lproj/Main.storyboard; sourceTree = "<group>"; };
		84B88D682CC94802002E2166 /* Assets.xcassets */ = {isa = PBXFileReference; lastKnownFileType = folder.assetcatalog; path = Assets.xcassets; sourceTree = "<group>"; };
		84B88D6B2CC94802002E2166 /* Base */ = {isa = PBXFileReference; lastKnownFileType = file.storyboard; name = Base; path = Base.lproj/LaunchScreen.storyboard; sourceTree = "<group>"; };
		84B88D6D2CC94802002E2166 /* Info.plist */ = {isa = PBXFileReference; lastKnownFileType = text.plist.xml; path = Info.plist; sourceTree = "<group>"; };
		84B88D722CC94803002E2166 /* CombineForTestTests.xctest */ = {isa = PBXFileReference; explicitFileType = wrapper.cfbundle; includeInIndex = 0; path = CombineForTestTests.xctest; sourceTree = BUILT_PRODUCTS_DIR; };
		84B88D762CC94803002E2166 /* CombineForTestTests.swift */ = {isa = PBXFileReference; lastKnownFileType = sourcecode.swift; path = CombineForTestTests.swift; sourceTree = "<group>"; };
		84B88D7C2CC94803002E2166 /* CombineForTestUITests.xctest */ = {isa = PBXFileReference; explicitFileType = wrapper.cfbundle; includeInIndex = 0; path = CombineForTestUITests.xctest; sourceTree = BUILT_PRODUCTS_DIR; };
		84B88D802CC94803002E2166 /* CombineForTestUITests.swift */ = {isa = PBXFileReference; lastKnownFileType = sourcecode.swift; path = CombineForTestUITests.swift; sourceTree = "<group>"; };
		84B88D822CC94803002E2166 /* CombineForTestUITestsLaunchTests.swift */ = {isa = PBXFileReference; lastKnownFileType = sourcecode.swift; path = CombineForTestUITestsLaunchTests.swift; sourceTree = "<group>"; };
/* End PBXFileReference section */

/* Begin PBXFrameworksBuildPhase section */
		84B88D592CC94801002E2166 /* Frameworks */ = {
			isa = PBXFrameworksBuildPhase;
			buildActionMask = 2147483647;
			files = (
			);
			runOnlyForDeploymentPostprocessing = 0;
		};
		84B88D6F2CC94803002E2166 /* Frameworks */ = {
			isa = PBXFrameworksBuildPhase;
			buildActionMask = 2147483647;
			files = (
			);
			runOnlyForDeploymentPostprocessing = 0;
		};
		84B88D792CC94803002E2166 /* Frameworks */ = {
			isa = PBXFrameworksBuildPhase;
			buildActionMask = 2147483647;
			files = (
			);
			runOnlyForDeploymentPostprocessing = 0;
		};
/* End PBXFrameworksBuildPhase section */

/* Begin PBXGroup section */
		84B88D532CC94801002E2166 = {
			isa = PBXGroup;
			children = (
				84B88D5E2CC94801002E2166 /* CombineForTest */,
				84B88D752CC94803002E2166 /* CombineForTestTests */,
				84B88D7F2CC94803002E2166 /* CombineForTestUITests */,
				84B88D5D2CC94801002E2166 /* Products */,
			);
			sourceTree = "<group>";
		};
		84B88D5D2CC94801002E2166 /* Products */ = {
			isa = PBXGroup;
			children = (
				84B88D5C2CC94801002E2166 /* CombineForTest.app */,
				84B88D722CC94803002E2166 /* CombineForTestTests.xctest */,
				84B88D7C2CC94803002E2166 /* CombineForTestUITests.xctest */,
			);
			name = Products;
			sourceTree = "<group>";
		};
		84B88D5E2CC94801002E2166 /* CombineForTest */ = {
			isa = PBXGroup;
			children = (
				84B88D5F2CC94801002E2166 /* AppDelegate.swift */,
				84B88D612CC94801002E2166 /* SceneDelegate.swift */,
				84B88D632CC94801002E2166 /* ViewController.swift */,
				84700B842CCBCE1900FF0343 /* UserService.swift */,
				84B88D652CC94801002E2166 /* Main.storyboard */,
				84B88D682CC94802002E2166 /* Assets.xcassets */,
				84B88D6A2CC94802002E2166 /* LaunchScreen.storyboard */,
				84B88D6D2CC94802002E2166 /* Info.plist */,
			);
			path = CombineForTest;
			sourceTree = "<group>";
		};
		84B88D752CC94803002E2166 /* CombineForTestTests */ = {
			isa = PBXGroup;
			children = (
				84B88D762CC94803002E2166 /* CombineForTestTests.swift */,
			);
			path = CombineForTestTests;
			sourceTree = "<group>";
		};
		84B88D7F2CC94803002E2166 /* CombineForTestUITests */ = {
			isa = PBXGroup;
			children = (
				84B88D802CC94803002E2166 /* CombineForTestUITests.swift */,
				84B88D822CC94803002E2166 /* CombineForTestUITestsLaunchTests.swift */,
			);
			path = CombineForTestUITests;
			sourceTree = "<group>";
		};
/* End PBXGroup section */

/* Begin PBXNativeTarget section */
		84B88D5B2CC94801002E2166 /* CombineForTest */ = {
			isa = PBXNativeTarget;
			buildConfigurationList = 84B88D862CC94803002E2166 /* Build configuration list for PBXNativeTarget "CombineForTest" */;
			buildPhases = (
				84B88D582CC94801002E2166 /* Sources */,
				84B88D592CC94801002E2166 /* Frameworks */,
				84B88D5A2CC94801002E2166 /* Resources */,
			);
			buildRules = (
			);
			dependencies = (
			);
			name = CombineForTest;
			productName = CombineForTest;
			productReference = 84B88D5C2CC94801002E2166 /* CombineForTest.app */;
			productType = "com.apple.product-type.application";
		};
		84B88D712CC94803002E2166 /* CombineForTestTests */ = {
			isa = PBXNativeTarget;
			buildConfigurationList = 84B88D892CC94803002E2166 /* Build configuration list for PBXNativeTarget "CombineForTestTests" */;
			buildPhases = (
				84B88D6E2CC94803002E2166 /* Sources */,
				84B88D6F2CC94803002E2166 /* Frameworks */,
				84B88D702CC94803002E2166 /* Resources */,
			);
			buildRules = (
			);
			dependencies = (
				84B88D742CC94803002E2166 /* PBXTargetDependency */,
			);
			name = CombineForTestTests;
			productName = CombineForTestTests;
			productReference = 84B88D722CC94803002E2166 /* CombineForTestTests.xctest */;
			productType = "com.apple.product-type.bundle.unit-test";
		};
		84B88D7B2CC94803002E2166 /* CombineForTestUITests */ = {
			isa = PBXNativeTarget;
			buildConfigurationList = 84B88D8C2CC94803002E2166 /* Build configuration list for PBXNativeTarget "CombineForTestUITests" */;
			buildPhases = (
				84B88D782CC94803002E2166 /* Sources */,
				84B88D792CC94803002E2166 /* Frameworks */,
				84B88D7A2CC94803002E2166 /* Resources */,
			);
			buildRules = (
			);
			dependencies = (
				84B88D7E2CC94803002E2166 /* PBXTargetDependency */,
			);
			name = CombineForTestUITests;
			productName = CombineForTestUITests;
			productReference = 84B88D7C2CC94803002E2166 /* CombineForTestUITests.xctest */;
			productType = "com.apple.product-type.bundle.ui-testing";
		};
/* End PBXNativeTarget section */

/* Begin PBXProject section */
		84B88D542CC94801002E2166 /* Project object */ = {
			isa = PBXProject;
			attributes = {
				BuildIndependentTargetsInParallel = 1;
				LastSwiftUpdateCheck = 1520;
				LastUpgradeCheck = 1520;
				TargetAttributes = {
					84B88D5B2CC94801002E2166 = {
						CreatedOnToolsVersion = 15.2;
					};
					84B88D712CC94803002E2166 = {
						CreatedOnToolsVersion = 15.2;
						TestTargetID = 84B88D5B2CC94801002E2166;
					};
					84B88D7B2CC94803002E2166 = {
						CreatedOnToolsVersion = 15.2;
						TestTargetID = 84B88D5B2CC94801002E2166;
					};
				};
			};
			buildConfigurationList = 84B88D572CC94801002E2166 /* Build configuration list for PBXProject "CombineForTest" */;
			compatibilityVersion = "Xcode 14.0";
			developmentRegion = en;
			hasScannedForEncodings = 0;
			knownRegions = (
				en,
				Base,
			);
			mainGroup = 84B88D532CC94801002E2166;
			productRefGroup = 84B88D5D2CC94801002E2166 /* Products */;
			projectDirPath = "";
			projectRoot = "";
			targets = (
				84B88D5B2CC94801002E2166 /* CombineForTest */,
				84B88D712CC94803002E2166 /* CombineForTestTests */,
				84B88D7B2CC94803002E2166 /* CombineForTestUITests */,
			);
		};
/* End PBXProject section */

/* Begin PBXResourcesBuildPhase section */
		84B88D5A2CC94801002E2166 /* Resources */ = {
			isa = PBXResourcesBuildPhase;
			buildActionMask = 2147483647;
			files = (
				84B88D6C2CC94802002E2166 /* LaunchScreen.storyboard in Resources */,
				84B88D692CC94802002E2166 /* Assets.xcassets in Resources */,
				84B88D672CC94801002E2166 /* Main.storyboard in Resources */,
			);
			runOnlyForDeploymentPostprocessing = 0;
		};
		84B88D702CC94803002E2166 /* Resources */ = {
			isa = PBXResourcesBuildPhase;
			buildActionMask = 2147483647;
			files = (
			);
			runOnlyForDeploymentPostprocessing = 0;
		};
		84B88D7A2CC94803002E2166 /* Resources */ = {
			isa = PBXResourcesBuildPhase;
			buildActionMask = 2147483647;
			files = (
			);
			runOnlyForDeploymentPostprocessing = 0;
		};
/* End PBXResourcesBuildPhase section */

/* Begin PBXSourcesBuildPhase section */
		84B88D582CC94801002E2166 /* Sources */ = {
			isa = PBXSourcesBuildPhase;
			buildActionMask = 2147483647;
			files = (
				84700B852CCBCE1900FF0343 /* UserService.swift in Sources */,
				84B88D642CC94801002E2166 /* ViewController.swift in Sources */,
				84B88D602CC94801002E2166 /* AppDelegate.swift in Sources */,
				84B88D622CC94801002E2166 /* SceneDelegate.swift in Sources */,
			);
			runOnlyForDeploymentPostprocessing = 0;
		};
		84B88D6E2CC94803002E2166 /* Sources */ = {
			isa = PBXSourcesBuildPhase;
			buildActionMask = 2147483647;
			files = (
				84B88D772CC94803002E2166 /* CombineForTestTests.swift in Sources */,
			);
			runOnlyForDeploymentPostprocessing = 0;
		};
		84B88D782CC94803002E2166 /* Sources */ = {
			isa = PBXSourcesBuildPhase;
			buildActionMask = 2147483647;
			files = (
				84B88D832CC94803002E2166 /* CombineForTestUITestsLaunchTests.swift in Sources */,
				84B88D812CC94803002E2166 /* CombineForTestUITests.swift in Sources */,
			);
			runOnlyForDeploymentPostprocessing = 0;
		};
/* End PBXSourcesBuildPhase section */

/* Begin PBXTargetDependency section */
		84B88D742CC94803002E2166 /* PBXTargetDependency */ = {
			isa = PBXTargetDependency;
			target = 84B88D5B2CC94801002E2166 /* CombineForTest */;
			targetProxy = 84B88D732CC94803002E2166 /* PBXContainerItemProxy */;
		};
		84B88D7E2CC94803002E2166 /* PBXTargetDependency */ = {
			isa = PBXTargetDependency;
			target = 84B88D5B2CC94801002E2166 /* CombineForTest */;
			targetProxy = 84B88D7D2CC94803002E2166 /* PBXContainerItemProxy */;
		};
/* End PBXTargetDependency section */

/* Begin PBXVariantGroup section */
		84B88D652CC94801002E2166 /* Main.storyboard */ = {
			isa = PBXVariantGroup;
			children = (
				84B88D662CC94801002E2166 /* Base */,
			);
			name = Main.storyboard;
			sourceTree = "<group>";
		};
		84B88D6A2CC94802002E2166 /* LaunchScreen.storyboard */ = {
			isa = PBXVariantGroup;
			children = (
				84B88D6B2CC94802002E2166 /* Base */,
			);
			name = LaunchScreen.storyboard;
			sourceTree = "<group>";
		};
/* End PBXVariantGroup section */

/* Begin XCBuildConfiguration section */
		84B88D842CC94803002E2166 /* Debug */ = {
			isa = XCBuildConfiguration;
			buildSettings = {
				ALWAYS_SEARCH_USER_PATHS = NO;
				ASSETCATALOG_COMPILER_GENERATE_SWIFT_ASSET_SYMBOL_EXTENSIONS = YES;
				CLANG_ANALYZER_NONNULL = YES;
				CLANG_ANALYZER_NUMBER_OBJECT_CONVERSION = YES_AGGRESSIVE;
				CLANG_CXX_LANGUAGE_STANDARD = "gnu++20";
				CLANG_ENABLE_MODULES = YES;
				CLANG_ENABLE_OBJC_ARC = YES;
				CLANG_ENABLE_OBJC_WEAK = YES;
				CLANG_WARN_BLOCK_CAPTURE_AUTORELEASING = YES;
				CLANG_WARN_BOOL_CONVERSION = YES;
				CLANG_WARN_COMMA = YES;
				CLANG_WARN_CONSTANT_CONVERSION = YES;
				CLANG_WARN_DEPRECATED_OBJC_IMPLEMENTATIONS = YES;
				CLANG_WARN_DIRECT_OBJC_ISA_USAGE = YES_ERROR;
				CLANG_WARN_DOCUMENTATION_COMMENTS = YES;
				CLANG_WARN_EMPTY_BODY = YES;
				CLANG_WARN_ENUM_CONVERSION = YES;
				CLANG_WARN_INFINITE_RECURSION = YES;
				CLANG_WARN_INT_CONVERSION = YES;
				CLANG_WARN_NON_LITERAL_NULL_CONVERSION = YES;
				CLANG_WARN_OBJC_IMPLICIT_RETAIN_SELF = YES;
				CLANG_WARN_OBJC_LITERAL_CONVERSION = YES;
				CLANG_WARN_OBJC_ROOT_CLASS = YES_ERROR;
				CLANG_WARN_QUOTED_INCLUDE_IN_FRAMEWORK_HEADER = YES;
				CLANG_WARN_RANGE_LOOP_ANALYSIS = YES;
				CLANG_WARN_STRICT_PROTOTYPES = YES;
				CLANG_WARN_SUSPICIOUS_MOVE = YES;
				CLANG_WARN_UNGUARDED_AVAILABILITY = YES_AGGRESSIVE;
				CLANG_WARN_UNREACHABLE_CODE = YES;
				CLANG_WARN__DUPLICATE_METHOD_MATCH = YES;
				COPY_PHASE_STRIP = NO;
				DEBUG_INFORMATION_FORMAT = dwarf;
				ENABLE_STRICT_OBJC_MSGSEND = YES;
				ENABLE_TESTABILITY = YES;
				ENABLE_USER_SCRIPT_SANDBOXING = YES;
				GCC_C_LANGUAGE_STANDARD = gnu17;
				GCC_DYNAMIC_NO_PIC = NO;
				GCC_NO_COMMON_BLOCKS = YES;
				GCC_OPTIMIZATION_LEVEL = 0;
				GCC_PREPROCESSOR_DEFINITIONS = (
					"DEBUG=1",
					"$(inherited)",
				);
				GCC_WARN_64_TO_32_BIT_CONVERSION = YES;
				GCC_WARN_ABOUT_RETURN_TYPE = YES_ERROR;
				GCC_WARN_UNDECLARED_SELECTOR = YES;
				GCC_WARN_UNINITIALIZED_AUTOS = YES_AGGRESSIVE;
				GCC_WARN_UNUSED_FUNCTION = YES;
				GCC_WARN_UNUSED_VARIABLE = YES;
				IPHONEOS_DEPLOYMENT_TARGET = 17.2;
				LOCALIZATION_PREFERS_STRING_CATALOGS = YES;
				MTL_ENABLE_DEBUG_INFO = INCLUDE_SOURCE;
				MTL_FAST_MATH = YES;
				ONLY_ACTIVE_ARCH = YES;
				SDKROOT = iphoneos;
				SWIFT_ACTIVE_COMPILATION_CONDITIONS = "DEBUG $(inherited)";
				SWIFT_OPTIMIZATION_LEVEL = "-Onone";
			};
			name = Debug;
		};
		84B88D852CC94803002E2166 /* Release */ = {
			isa = XCBuildConfiguration;
			buildSettings = {
				ALWAYS_SEARCH_USER_PATHS = NO;
				ASSETCATALOG_COMPILER_GENERATE_SWIFT_ASSET_SYMBOL_EXTENSIONS = YES;
				CLANG_ANALYZER_NONNULL = YES;
				CLANG_ANALYZER_NUMBER_OBJECT_CONVERSION = YES_AGGRESSIVE;
				CLANG_CXX_LANGUAGE_STANDARD = "gnu++20";
				CLANG_ENABLE_MODULES = YES;
				CLANG_ENABLE_OBJC_ARC = YES;
				CLANG_ENABLE_OBJC_WEAK = YES;
				CLANG_WARN_BLOCK_CAPTURE_AUTORELEASING = YES;
				CLANG_WARN_BOOL_CONVERSION = YES;
				CLANG_WARN_COMMA = YES;
				CLANG_WARN_CONSTANT_CONVERSION = YES;
				CLANG_WARN_DEPRECATED_OBJC_IMPLEMENTATIONS = YES;
				CLANG_WARN_DIRECT_OBJC_ISA_USAGE = YES_ERROR;
				CLANG_WARN_DOCUMENTATION_COMMENTS = YES;
				CLANG_WARN_EMPTY_BODY = YES;
				CLANG_WARN_ENUM_CONVERSION = YES;
				CLANG_WARN_INFINITE_RECURSION = YES;
				CLANG_WARN_INT_CONVERSION = YES;
				CLANG_WARN_NON_LITERAL_NULL_CONVERSION = YES;
				CLANG_WARN_OBJC_IMPLICIT_RETAIN_SELF = YES;
				CLANG_WARN_OBJC_LITERAL_CONVERSION = YES;
				CLANG_WARN_OBJC_ROOT_CLASS = YES_ERROR;
				CLANG_WARN_QUOTED_INCLUDE_IN_FRAMEWORK_HEADER = YES;
				CLANG_WARN_RANGE_LOOP_ANALYSIS = YES;
				CLANG_WARN_STRICT_PROTOTYPES = YES;
				CLANG_WARN_SUSPICIOUS_MOVE = YES;
				CLANG_WARN_UNGUARDED_AVAILABILITY = YES_AGGRESSIVE;
				CLANG_WARN_UNREACHABLE_CODE = YES;
				CLANG_WARN__DUPLICATE_METHOD_MATCH = YES;
				COPY_PHASE_STRIP = NO;
				DEBUG_INFORMATION_FORMAT = "dwarf-with-dsym";
				ENABLE_NS_ASSERTIONS = NO;
				ENABLE_STRICT_OBJC_MSGSEND = YES;
				ENABLE_USER_SCRIPT_SANDBOXING = YES;
				GCC_C_LANGUAGE_STANDARD = gnu17;
				GCC_NO_COMMON_BLOCKS = YES;
				GCC_WARN_64_TO_32_BIT_CONVERSION = YES;
				GCC_WARN_ABOUT_RETURN_TYPE = YES_ERROR;
				GCC_WARN_UNDECLARED_SELECTOR = YES;
				GCC_WARN_UNINITIALIZED_AUTOS = YES_AGGRESSIVE;
				GCC_WARN_UNUSED_FUNCTION = YES;
				GCC_WARN_UNUSED_VARIABLE = YES;
				IPHONEOS_DEPLOYMENT_TARGET = 17.2;
				LOCALIZATION_PREFERS_STRING_CATALOGS = YES;
				MTL_ENABLE_DEBUG_INFO = NO;
				MTL_FAST_MATH = YES;
				SDKROOT = iphoneos;
				SWIFT_COMPILATION_MODE = wholemodule;
				VALIDATE_PRODUCT = YES;
			};
			name = Release;
		};
		84B88D872CC94803002E2166 /* Debug */ = {
			isa = XCBuildConfiguration;
			buildSettings = {
				ASSETCATALOG_COMPILER_APPICON_NAME = AppIcon;
				ASSETCATALOG_COMPILER_GLOBAL_ACCENT_COLOR_NAME = AccentColor;
				CODE_SIGN_STYLE = Automatic;
				CURRENT_PROJECT_VERSION = 1;
				DEVELOPMENT_TEAM = 2FYJXYTWS7;
				GENERATE_INFOPLIST_FILE = YES;
				INFOPLIST_FILE = CombineForTest/Info.plist;
				INFOPLIST_KEY_UIApplicationSupportsIndirectInputEvents = YES;
				INFOPLIST_KEY_UILaunchStoryboardName = LaunchScreen;
				INFOPLIST_KEY_UIMainStoryboardFile = Main;
				INFOPLIST_KEY_UISupportedInterfaceOrientations_iPad = "UIInterfaceOrientationPortrait UIInterfaceOrientationPortraitUpsideDown UIInterfaceOrientationLandscapeLeft UIInterfaceOrientationLandscapeRight";
				INFOPLIST_KEY_UISupportedInterfaceOrientations_iPhone = "UIInterfaceOrientationPortrait UIInterfaceOrientationLandscapeLeft UIInterfaceOrientationLandscapeRight";
				LD_RUNPATH_SEARCH_PATHS = (
					"$(inherited)",
					"@executable_path/Frameworks",
				);
				MARKETING_VERSION = 1.0;
				PRODUCT_BUNDLE_IDENTIFIER = com.rc.pix.CombineForTest;
				PRODUCT_NAME = "$(TARGET_NAME)";
				SWIFT_EMIT_LOC_STRINGS = YES;
				SWIFT_VERSION = 5.0;
				TARGETED_DEVICE_FAMILY = "1,2";
			};
			name = Debug;
		};
		84B88D882CC94803002E2166 /* Release */ = {
			isa = XCBuildConfiguration;
			buildSettings = {
				ASSETCATALOG_COMPILER_APPICON_NAME = AppIcon;
				ASSETCATALOG_COMPILER_GLOBAL_ACCENT_COLOR_NAME = AccentColor;
				CODE_SIGN_STYLE = Automatic;
				CURRENT_PROJECT_VERSION = 1;
				DEVELOPMENT_TEAM = 2FYJXYTWS7;
				GENERATE_INFOPLIST_FILE = YES;
				INFOPLIST_FILE = CombineForTest/Info.plist;
				INFOPLIST_KEY_UIApplicationSupportsIndirectInputEvents = YES;
				INFOPLIST_KEY_UILaunchStoryboardName = LaunchScreen;
				INFOPLIST_KEY_UIMainStoryboardFile = Main;
				INFOPLIST_KEY_UISupportedInterfaceOrientations_iPad = "UIInterfaceOrientationPortrait UIInterfaceOrientationPortraitUpsideDown UIInterfaceOrientationLandscapeLeft UIInterfaceOrientationLandscapeRight";
				INFOPLIST_KEY_UISupportedInterfaceOrientations_iPhone = "UIInterfaceOrientationPortrait UIInterfaceOrientationLandscapeLeft UIInterfaceOrientationLandscapeRight";
				LD_RUNPATH_SEARCH_PATHS = (
					"$(inherited)",
					"@executable_path/Frameworks",
				);
				MARKETING_VERSION = 1.0;
				PRODUCT_BUNDLE_IDENTIFIER = com.rc.pix.CombineForTest;
				PRODUCT_NAME = "$(TARGET_NAME)";
				SWIFT_EMIT_LOC_STRINGS = YES;
				SWIFT_VERSION = 5.0;
				TARGETED_DEVICE_FAMILY = "1,2";
			};
			name = Release;
		};
		84B88D8A2CC94803002E2166 /* Debug */ = {
			isa = XCBuildConfiguration;
			buildSettings = {
				ALWAYS_EMBED_SWIFT_STANDARD_LIBRARIES = YES;
				BUNDLE_LOADER = "$(TEST_HOST)";
				CODE_SIGN_STYLE = Automatic;
				CURRENT_PROJECT_VERSION = 1;
				DEVELOPMENT_TEAM = 2FYJXYTWS7;
				GENERATE_INFOPLIST_FILE = YES;
				IPHONEOS_DEPLOYMENT_TARGET = 17.2;
				MARKETING_VERSION = 1.0;
				PRODUCT_BUNDLE_IDENTIFIER = com.rc.pix.CombineForTestTests;
				PRODUCT_NAME = "$(TARGET_NAME)";
				SWIFT_EMIT_LOC_STRINGS = NO;
				SWIFT_VERSION = 5.0;
				TARGETED_DEVICE_FAMILY = "1,2";
				TEST_HOST = "$(BUILT_PRODUCTS_DIR)/CombineForTest.app/$(BUNDLE_EXECUTABLE_FOLDER_PATH)/CombineForTest";
			};
			name = Debug;
		};
		84B88D8B2CC94803002E2166 /* Release */ = {
			isa = XCBuildConfiguration;
			buildSettings = {
				ALWAYS_EMBED_SWIFT_STANDARD_LIBRARIES = YES;
				BUNDLE_LOADER = "$(TEST_HOST)";
				CODE_SIGN_STYLE = Automatic;
				CURRENT_PROJECT_VERSION = 1;
				DEVELOPMENT_TEAM = 2FYJXYTWS7;
				GENERATE_INFOPLIST_FILE = YES;
				IPHONEOS_DEPLOYMENT_TARGET = 17.2;
				MARKETING_VERSION = 1.0;
				PRODUCT_BUNDLE_IDENTIFIER = com.rc.pix.CombineForTestTests;
				PRODUCT_NAME = "$(TARGET_NAME)";
				SWIFT_EMIT_LOC_STRINGS = NO;
				SWIFT_VERSION = 5.0;
				TARGETED_DEVICE_FAMILY = "1,2";
				TEST_HOST = "$(BUILT_PRODUCTS_DIR)/CombineForTest.app/$(BUNDLE_EXECUTABLE_FOLDER_PATH)/CombineForTest";
			};
			name = Release;
		};
		84B88D8D2CC94803002E2166 /* Debug */ = {
			isa = XCBuildConfiguration;
			buildSettings = {
				ALWAYS_EMBED_SWIFT_STANDARD_LIBRARIES = YES;
				CODE_SIGN_STYLE = Automatic;
				CURRENT_PROJECT_VERSION = 1;
				DEVELOPMENT_TEAM = 2FYJXYTWS7;
				GENERATE_INFOPLIST_FILE = YES;
				MARKETING_VERSION = 1.0;
				PRODUCT_BUNDLE_IDENTIFIER = com.rc.pix.CombineForTestUITests;
				PRODUCT_NAME = "$(TARGET_NAME)";
				SWIFT_EMIT_LOC_STRINGS = NO;
				SWIFT_VERSION = 5.0;
				TARGETED_DEVICE_FAMILY = "1,2";
				TEST_TARGET_NAME = CombineForTest;
			};
			name = Debug;
		};
		84B88D8E2CC94803002E2166 /* Release */ = {
			isa = XCBuildConfiguration;
			buildSettings = {
				ALWAYS_EMBED_SWIFT_STANDARD_LIBRARIES = YES;
				CODE_SIGN_STYLE = Automatic;
				CURRENT_PROJECT_VERSION = 1;
				DEVELOPMENT_TEAM = 2FYJXYTWS7;
				GENERATE_INFOPLIST_FILE = YES;
				MARKETING_VERSION = 1.0;
				PRODUCT_BUNDLE_IDENTIFIER = com.rc.pix.CombineForTestUITests;
				PRODUCT_NAME = "$(TARGET_NAME)";
				SWIFT_EMIT_LOC_STRINGS = NO;
				SWIFT_VERSION = 5.0;
				TARGETED_DEVICE_FAMILY = "1,2";
				TEST_TARGET_NAME = CombineForTest;
			};
			name = Release;
		};
/* End XCBuildConfiguration section */

/* Begin XCConfigurationList section */
		84B88D572CC94801002E2166 /* Build configuration list for PBXProject "CombineForTest" */ = {
			isa = XCConfigurationList;
			buildConfigurations = (
				84B88D842CC94803002E2166 /* Debug */,
				84B88D852CC94803002E2166 /* Release */,
			);
			defaultConfigurationIsVisible = 0;
			defaultConfigurationName = Release;
		};
		84B88D862CC94803002E2166 /* Build configuration list for PBXNativeTarget "CombineForTest" */ = {
			isa = XCConfigurationList;
			buildConfigurations = (
				84B88D872CC94803002E2166 /* Debug */,
				84B88D882CC94803002E2166 /* Release */,
			);
			defaultConfigurationIsVisible = 0;
			defaultConfigurationName = Release;
		};
		84B88D892CC94803002E2166 /* Build configuration list for PBXNativeTarget "CombineForTestTests" */ = {
			isa = XCConfigurationList;
			buildConfigurations = (
				84B88D8A2CC94803002E2166 /* Debug */,
				84B88D8B2CC94803002E2166 /* Release */,
			);
			defaultConfigurationIsVisible = 0;
			defaultConfigurationName = Release;
		};
		84B88D8C2CC94803002E2166 /* Build configuration list for PBXNativeTarget "CombineForTestUITests" */ = {
			isa = XCConfigurationList;
			buildConfigurations = (
				84B88D8D2CC94803002E2166 /* Debug */,
				84B88D8E2CC94803002E2166 /* Release */,
			);
			defaultConfigurationIsVisible = 0;
			defaultConfigurationName = Release;
		};
/* End XCConfigurationList section */
	};
	rootObject = 84B88D542CC94801002E2166 /* Project object */;
}
